
Microsoft Visual Studio Solution File, Format Version 12.00
# Visual Studio Version 16
VisualStudioVersion = 16.0.31613.86
MinimumVisualStudioVersion = 10.0.40219.1
Project("{FAE04EC0-301F-11D3-BF4B-00C04F79EFBC}") = "LazyLoader", "LazyLoader\LazyLoader.csproj", "{071D0CC2-E48A-4550-A773-667ADB528A74}"
EndProject
Project("{FAE04EC0-301F-11D3-BF4B-00C04F79EFBC}") = "EvaluatorTest", "EvaluatorTest\EvaluatorTest.csproj", "{B0AB28C0-F5E6-463F-9A8A-8B71F7BA45C6}"
EndProject
Global
	GlobalSection(SolutionConfigurationPlatforms) = preSolution
		Debug|Any CPU = Debug|Any CPU
		Release|Any CPU = Release|Any CPU
	EndGlobalSection
	GlobalSection(ProjectConfigurationPlatforms) = postSolution
		{071D0CC2-E48A-4550-A773-667ADB528A74}.Debug|Any CPU.ActiveCfg = Debug|Any CPU
		{071D0CC2-E48A-4550-A773-667ADB528A74}.Debug|Any CPU.Build.0 = Debug|Any CPU
		{071D0CC2-E48A-4550-A773-667ADB528A74}.Release|Any CPU.ActiveCfg = Release|Any CPU
		{071D0CC2-E48A-4550-A773-667ADB528A74}.Release|Any CPU.Build.0 = Release|Any CPU
		{B0AB28C0-F5E6-463F-9A8A-8B71F7BA45C6}.Debug|Any CPU.ActiveCfg = Debug|Any CPU
		{B0AB28C0-F5E6-463F-9A8A-8B71F7BA45C6}.Debug|Any CPU.Build.0 = Debug|Any CPU
		{B0AB28C0-F5E6-463F-9A8A-8B71F7BA45C6}.Release|Any CPU.ActiveCfg = Release|Any CPU
		{B0AB28C0-F5E6-463F-9A8A-8B71F7BA45C6}.Release|Any CPU.Build.0 = Release|Any CPU
	EndGlobalSection
	GlobalSection(SolutionProperties) = preSolution
		HideSolutionNode = FALSE
	EndGlobalSection
	GlobalSection(ExtensibilityGlobals) = postSolution
		SolutionGuid = {3344A663-CC90-49A0-8C04-A9AD0A91F2F5}
	EndGlobalSection
EndGlobal
